
Microsoft Visual Studio Solution File, Format Version 12.00
# Visual Studio Version 16
VisualStudioVersion = 16.0.29709.97
MinimumVisualStudioVersion = 10.0.40219.1
Project("{8BC9CEB8-8B4A-11D0-8D11-00A0C91BC942}") = "irmp", "irmp.vcxproj", "{5764917E-D0BC-4FB6-83DF-8CE6FC9A4F7D}"
EndProject
Project("{8BC9CEB8-8B4A-11D0-8D11-00A0C91BC942}") = "libirmp", "libirmp.vcxproj", "{0DD87613-6442-4F2E-9EFE-9742734D19D1}"
EndProject
Project("{8BC9CEB8-8B4A-11D0-8D11-00A0C91BC942}") = "irmpAnalyze20kHz", "irmpAnalyze20kHz.vcxproj", "{A626E3D7-BA6A-4FCC-A517-EC6437450BEA}"
EndProject
Project("{8BC9CEB8-8B4A-11D0-8D11-00A0C91BC942}") = "irmpAnalyze15kHz", "irmpAnalyze15kHz.vcxproj", "{2464794C-1937-42D4-9708-4E9AE3F94904}"
EndProject
Project("{8BC9CEB8-8B4A-11D0-8D11-00A0C91BC942}") = "irmpAnalyze10kHz", "irmpAnalyze10kHz.vcxproj", "{5449362B-1DA3-4AD5-BB21-EDF0C3E95CFB}"
EndProject
Global
	GlobalSection(SolutionConfigurationPlatforms) = preSolution
		Debug|x64 = Debug|x64
		Debug|x86 = Debug|x86
		Release|x64 = Release|x64
		Release|x86 = Release|x86
	EndGlobalSection
	GlobalSection(ProjectConfigurationPlatforms) = postSolution
		{5764917E-D0BC-4FB6-83DF-8CE6FC9A4F7D}.Debug|x64.ActiveCfg = Debug|x64
		{5764917E-D0BC-4FB6-83DF-8CE6FC9A4F7D}.Debug|x64.Build.0 = Debug|x64
		{5764917E-D0BC-4FB6-83DF-8CE6FC9A4F7D}.Debug|x86.ActiveCfg = Debug|Win32
		{5764917E-D0BC-4FB6-83DF-8CE6FC9A4F7D}.Debug|x86.Build.0 = Debug|Win32
		{5764917E-D0BC-4FB6-83DF-8CE6FC9A4F7D}.Release|x64.ActiveCfg = Release|x64
		{5764917E-D0BC-4FB6-83DF-8CE6FC9A4F7D}.Release|x64.Build.0 = Release|x64
		{5764917E-D0BC-4FB6-83DF-8CE6FC9A4F7D}.Release|x86.ActiveCfg = Release|Win32
		{5764917E-D0BC-4FB6-83DF-8CE6FC9A4F7D}.Release|x86.Build.0 = Release|Win32
		{0DD87613-6442-4F2E-9EFE-9742734D19D1}.Debug|x64.ActiveCfg = Debug|x64
		{0DD87613-6442-4F2E-9EFE-9742734D19D1}.Debug|x64.Build.0 = Debug|x64
		{0DD87613-6442-4F2E-9EFE-9742734D19D1}.Debug|x86.ActiveCfg = Debug|Win32
		{0DD87613-6442-4F2E-9EFE-9742734D19D1}.Debug|x86.Build.0 = Debug|Win32
		{0DD87613-6442-4F2E-9EFE-9742734D19D1}.Release|x64.ActiveCfg = Release|x64
		{0DD87613-6442-4F2E-9EFE-9742734D19D1}.Release|x64.Build.0 = Release|x64
		{0DD87613-6442-4F2E-9EFE-9742734D19D1}.Release|x86.ActiveCfg = Release|Win32
		{0DD87613-6442-4F2E-9EFE-9742734D19D1}.Release|x86.Build.0 = Release|Win32
		{A626E3D7-BA6A-4FCC-A517-EC6437450BEA}.Debug|x64.ActiveCfg = Debug|x64
		{A626E3D7-BA6A-4FCC-A517-EC6437450BEA}.Debug|x64.Build.0 = Debug|x64
		{A626E3D7-BA6A-4FCC-A517-EC6437450BEA}.Debug|x86.ActiveCfg = Debug|Win32
		{A626E3D7-BA6A-4FCC-A517-EC6437450BEA}.Debug|x86.Build.0 = Debug|Win32
		{A626E3D7-BA6A-4FCC-A517-EC6437450BEA}.Release|x64.ActiveCfg = Release|x64
		{A626E3D7-BA6A-4FCC-A517-EC6437450BEA}.Release|x64.Build.0 = Release|x64
		{A626E3D7-BA6A-4FCC-A517-EC6437450BEA}.Release|x86.ActiveCfg = Release|Win32
		{A626E3D7-BA6A-4FCC-A517-EC6437450BEA}.Release|x86.Build.0 = Release|Win32
		{2464794C-1937-42D4-9708-4E9AE3F94904}.Debug|x64.ActiveCfg = Debug|x64
		{2464794C-1937-42D4-9708-4E9AE3F94904}.Debug|x64.Build.0 = Debug|x64
		{2464794C-1937-42D4-9708-4E9AE3F94904}.Debug|x86.ActiveCfg = Debug|Win32
		{2464794C-1937-42D4-9708-4E9AE3F94904}.Debug|x86.Build.0 = Debug|Win32
		{2464794C-1937-42D4-9708-4E9AE3F94904}.Release|x64.ActiveCfg = Release|x64
		{2464794C-1937-42D4-9708-4E9AE3F94904}.Release|x64.Build.0 = Release|x64
		{2464794C-1937-42D4-9708-4E9AE3F94904}.Release|x86.ActiveCfg = Release|Win32
		{2464794C-1937-42D4-9708-4E9AE3F94904}.Release|x86.Build.0 = Release|Win32
		{5449362B-1DA3-4AD5-BB21-EDF0C3E95CFB}.Debug|x64.ActiveCfg = Debug|x64
		{5449362B-1DA3-4AD5-BB21-EDF0C3E95CFB}.Debug|x64.Build.0 = Debug|x64
		{5449362B-1DA3-4AD5-BB21-EDF0C3E95CFB}.Debug|x86.ActiveCfg = Debug|Win32
		{5449362B-1DA3-4AD5-BB21-EDF0C3E95CFB}.Debug|x86.Build.0 = Debug|Win32
		{5449362B-1DA3-4AD5-BB21-EDF0C3E95CFB}.Release|x64.ActiveCfg = Release|x64
		{5449362B-1DA3-4AD5-BB21-EDF0C3E95CFB}.Release|x64.Build.0 = Release|x64
		{5449362B-1DA3-4AD5-BB21-EDF0C3E95CFB}.Release|x86.ActiveCfg = Release|Win32
		{5449362B-1DA3-4AD5-BB21-EDF0C3E95CFB}.Release|x86.Build.0 = Release|Win32
	EndGlobalSection
	GlobalSection(SolutionProperties) = preSolution
		HideSolutionNode = FALSE
	EndGlobalSection
	GlobalSection(ExtensibilityGlobals) = postSolution
		SolutionGuid = {0840A459-68EC-4DF7-8001-1228E69E9C35}
	EndGlobalSection
EndGlobal
